
Microsoft Visual Studio Solution File, Format Version 12.00
# Visual Studio 15
VisualStudioVersion = 15.0.27130.2027
MinimumVisualStudioVersion = 15.0.26124.0
Project("{2150E333-8FDC-42A3-9474-1A3956D46DE8}") = "Modules", "Modules", "{E43E5F4B-E57C-4467-B3C3-05CD0DB66C30}"
EndProject
Project("{2150E333-8FDC-42A3-9474-1A3956D46DE8}") = "Insfrastructure", "Insfrastructure", "{A1C18F8D-9BA8-4635-A2AF-5FA76638F8C9}"
EndProject
Project("{2150E333-8FDC-42A3-9474-1A3956D46DE8}") = "SnackMachine", "SnackMachine", "{FE1EC042-6FA2-4C44-A164-0C1A8A0B9B78}"
EndProject
Project("{9A19103F-16F7-4668-BE54-9A1E7A4F7556}") = "DDD.SnackMachine.Domain", "src\Modules\SnackMachine\DDD.SnackMachine.Domain\DDD.SnackMachine.Domain.csproj", "{7128C707-0DC7-4C7C-A435-66E6AB83A0C7}"
EndProject
Project("{9A19103F-16F7-4668-BE54-9A1E7A4F7556}") = "DDD.SnackMachine.Domain.Tests", "src\Modules\SnackMachine\DDD.SnackMachine.Domain.Tests\DDD.SnackMachine.Domain.Tests.csproj", "{3E222106-6237-4ABC-9F25-6FC837AFBD3D}"
EndProject
Project("{9A19103F-16F7-4668-BE54-9A1E7A4F7556}") = "DDD.SnackMachine.Data", "src\Modules\SnackMachine\DDD.SnackMachine.Data\DDD.SnackMachine.Data.csproj", "{5C4BA649-92B0-40B6-A2C9-E4333A890216}"
EndProject
Project("{2150E333-8FDC-42A3-9474-1A3956D46DE8}") = "Customer", "Customer", "{BE516B24-E55C-4675-A8F0-B3C59DF91CF6}"
EndProject
Project("{9A19103F-16F7-4668-BE54-9A1E7A4F7556}") = "DDD.Customer.Data", "src\Modules\Customer\DDD.Customer.Data\DDD.Customer.Data.csproj", "{E9F1F1A9-19A6-4049-838B-DEFECCA89373}"
EndProject
Project("{9A19103F-16F7-4668-BE54-9A1E7A4F7556}") = "DDD.Customer.Domain", "src\Modules\Customer\DDD.Customer.Domain\DDD.Customer.Domain.csproj", "{38649C97-E15F-47C5-8344-D02C75A23D3A}"
EndProject
Project("{9A19103F-16F7-4668-BE54-9A1E7A4F7556}") = "DDD.Customer.Tests", "src\Modules\Customer\DDD.Customer.Tests\DDD.Customer.Tests.csproj", "{543908AA-F90E-4DF9-AAB0-EB4D960775DC}"
EndProject
Project("{9A19103F-16F7-4668-BE54-9A1E7A4F7556}") = "DDD.Infrastructure", "src\Infrastructure\DDD.Infrastructure\DDD.Infrastructure.csproj", "{FD37D8AA-0525-4F16-B8D6-9701621A2BDB}"
EndProject
Project("{9A19103F-16F7-4668-BE54-9A1E7A4F7556}") = "DDD.Customer.Api", "src\Modules\Customer\DDD.Customer.Api\DDD.Customer.Api.csproj", "{13D90A2F-26D5-4C6B-9B13-D2799DCFAC77}"
EndProject
Project("{2150E333-8FDC-42A3-9474-1A3956D46DE8}") = "Application", "Application", "{13968B12-B9D9-4BB4-A08C-6F8A381D9A07}"
EndProject
Project("{9A19103F-16F7-4668-BE54-9A1E7A4F7556}") = "DDD.Application.Web", "src\Application\DDD.Application.Web\DDD.Application.Web.csproj", "{B23E8EEF-6F41-4450-A7C0-AE724589DEEC}"
EndProject
Project("{9A19103F-16F7-4668-BE54-9A1E7A4F7556}") = "DDD.Modules", "src\Infrastructure\DDD.Modules\DDD.Modules.csproj", "{1DCCF0BC-2051-4A72-8240-9BEFBCF98343}"
EndProject
Project("{2150E333-8FDC-42A3-9474-1A3956D46DE8}") = "Users", "Users", "{1EFD268A-9F19-4D8C-A07F-26B33C27B517}"
EndProject
Project("{9A19103F-16F7-4668-BE54-9A1E7A4F7556}") = "DDD.Users.Data", "src\Modules\Users\DDD.Users.Data\DDD.Users.Data.csproj", "{E1F553B5-6A14-40D6-9386-5329B3E78B7A}"
EndProject
Project("{9A19103F-16F7-4668-BE54-9A1E7A4F7556}") = "DDD.Users.Domain", "src\Modules\Users\DDD.Users.Domain\DDD.Users.Domain.csproj", "{A777CD1E-BD87-468F-99A6-F8A72C9ECFCB}"
EndProject
Project("{FAE04EC0-301F-11D3-BF4B-00C04F79EFBC}") = "DDD.Users.Api", "src\Modules\Users\DDD.Users.Api\DDD.Users.Api.csproj", "{A121CBC4-6E88-43D9-86E9-EA4EC7BB390D}"
EndProject
Project("{FAE04EC0-301F-11D3-BF4B-00C04F79EFBC}") = "DDD.Users.Tests", "src\Modules\Users\DDD.Users.Tests\DDD.Users.Tests.csproj", "{BF71F749-C201-4CB2-973D-4AC645606E3D}"
EndProject
Global
	GlobalSection(SolutionConfigurationPlatforms) = preSolution
		Debug|Any CPU = Debug|Any CPU
		Debug|x64 = Debug|x64
		Debug|x86 = Debug|x86
		Release|Any CPU = Release|Any CPU
		Release|x64 = Release|x64
		Release|x86 = Release|x86
	EndGlobalSection
	GlobalSection(ProjectConfigurationPlatforms) = postSolution
		{7128C707-0DC7-4C7C-A435-66E6AB83A0C7}.Debug|Any CPU.ActiveCfg = Debug|Any CPU
		{7128C707-0DC7-4C7C-A435-66E6AB83A0C7}.Debug|Any CPU.Build.0 = Debug|Any CPU
		{7128C707-0DC7-4C7C-A435-66E6AB83A0C7}.Debug|x64.ActiveCfg = Debug|Any CPU
		{7128C707-0DC7-4C7C-A435-66E6AB83A0C7}.Debug|x64.Build.0 = Debug|Any CPU
		{7128C707-0DC7-4C7C-A435-66E6AB83A0C7}.Debug|x86.ActiveCfg = Debug|Any CPU
		{7128C707-0DC7-4C7C-A435-66E6AB83A0C7}.Debug|x86.Build.0 = Debug|Any CPU
		{7128C707-0DC7-4C7C-A435-66E6AB83A0C7}.Release|Any CPU.ActiveCfg = Release|Any CPU
		{7128C707-0DC7-4C7C-A435-66E6AB83A0C7}.Release|Any CPU.Build.0 = Release|Any CPU
		{7128C707-0DC7-4C7C-A435-66E6AB83A0C7}.Release|x64.ActiveCfg = Release|Any CPU
		{7128C707-0DC7-4C7C-A435-66E6AB83A0C7}.Release|x64.Build.0 = Release|Any CPU
		{7128C707-0DC7-4C7C-A435-66E6AB83A0C7}.Release|x86.ActiveCfg = Release|Any CPU
		{7128C707-0DC7-4C7C-A435-66E6AB83A0C7}.Release|x86.Build.0 = Release|Any CPU
		{3E222106-6237-4ABC-9F25-6FC837AFBD3D}.Debug|Any CPU.ActiveCfg = Debug|Any CPU
		{3E222106-6237-4ABC-9F25-6FC837AFBD3D}.Debug|Any CPU.Build.0 = Debug|Any CPU
		{3E222106-6237-4ABC-9F25-6FC837AFBD3D}.Debug|x64.ActiveCfg = Debug|Any CPU
		{3E222106-6237-4ABC-9F25-6FC837AFBD3D}.Debug|x64.Build.0 = Debug|Any CPU
		{3E222106-6237-4ABC-9F25-6FC837AFBD3D}.Debug|x86.ActiveCfg = Debug|Any CPU
		{3E222106-6237-4ABC-9F25-6FC837AFBD3D}.Debug|x86.Build.0 = Debug|Any CPU
		{3E222106-6237-4ABC-9F25-6FC837AFBD3D}.Release|Any CPU.ActiveCfg = Release|Any CPU
		{3E222106-6237-4ABC-9F25-6FC837AFBD3D}.Release|Any CPU.Build.0 = Release|Any CPU
		{3E222106-6237-4ABC-9F25-6FC837AFBD3D}.Release|x64.ActiveCfg = Release|Any CPU
		{3E222106-6237-4ABC-9F25-6FC837AFBD3D}.Release|x64.Build.0 = Release|Any CPU
		{3E222106-6237-4ABC-9F25-6FC837AFBD3D}.Release|x86.ActiveCfg = Release|Any CPU
		{3E222106-6237-4ABC-9F25-6FC837AFBD3D}.Release|x86.Build.0 = Release|Any CPU
		{5C4BA649-92B0-40B6-A2C9-E4333A890216}.Debug|Any CPU.ActiveCfg = Debug|Any CPU
		{5C4BA649-92B0-40B6-A2C9-E4333A890216}.Debug|Any CPU.Build.0 = Debug|Any CPU
		{5C4BA649-92B0-40B6-A2C9-E4333A890216}.Debug|x64.ActiveCfg = Debug|Any CPU
		{5C4BA649-92B0-40B6-A2C9-E4333A890216}.Debug|x64.Build.0 = Debug|Any CPU
		{5C4BA649-92B0-40B6-A2C9-E4333A890216}.Debug|x86.ActiveCfg = Debug|Any CPU
		{5C4BA649-92B0-40B6-A2C9-E4333A890216}.Debug|x86.Build.0 = Debug|Any CPU
		{5C4BA649-92B0-40B6-A2C9-E4333A890216}.Release|Any CPU.ActiveCfg = Release|Any CPU
		{5C4BA649-92B0-40B6-A2C9-E4333A890216}.Release|Any CPU.Build.0 = Release|Any CPU
		{5C4BA649-92B0-40B6-A2C9-E4333A890216}.Release|x64.ActiveCfg = Release|Any CPU
		{5C4BA649-92B0-40B6-A2C9-E4333A890216}.Release|x64.Build.0 = Release|Any CPU
		{5C4BA649-92B0-40B6-A2C9-E4333A890216}.Release|x86.ActiveCfg = Release|Any CPU
		{5C4BA649-92B0-40B6-A2C9-E4333A890216}.Release|x86.Build.0 = Release|Any CPU
		{E9F1F1A9-19A6-4049-838B-DEFECCA89373}.Debug|Any CPU.ActiveCfg = Debug|Any CPU
		{E9F1F1A9-19A6-4049-838B-DEFECCA89373}.Debug|Any CPU.Build.0 = Debug|Any CPU
		{E9F1F1A9-19A6-4049-838B-DEFECCA89373}.Debug|x64.ActiveCfg = Debug|Any CPU
		{E9F1F1A9-19A6-4049-838B-DEFECCA89373}.Debug|x64.Build.0 = Debug|Any CPU
		{E9F1F1A9-19A6-4049-838B-DEFECCA89373}.Debug|x86.ActiveCfg = Debug|Any CPU
		{E9F1F1A9-19A6-4049-838B-DEFECCA89373}.Debug|x86.Build.0 = Debug|Any CPU
		{E9F1F1A9-19A6-4049-838B-DEFECCA89373}.Release|Any CPU.ActiveCfg = Release|Any CPU
		{E9F1F1A9-19A6-4049-838B-DEFECCA89373}.Release|Any CPU.Build.0 = Release|Any CPU
		{E9F1F1A9-19A6-4049-838B-DEFECCA89373}.Release|x64.ActiveCfg = Release|Any CPU
		{E9F1F1A9-19A6-4049-838B-DEFECCA89373}.Release|x64.Build.0 = Release|Any CPU
		{E9F1F1A9-19A6-4049-838B-DEFECCA89373}.Release|x86.ActiveCfg = Release|Any CPU
		{E9F1F1A9-19A6-4049-838B-DEFECCA89373}.Release|x86.Build.0 = Release|Any CPU
		{38649C97-E15F-47C5-8344-D02C75A23D3A}.Debug|Any CPU.ActiveCfg = Debug|Any CPU
		{38649C97-E15F-47C5-8344-D02C75A23D3A}.Debug|Any CPU.Build.0 = Debug|Any CPU
		{38649C97-E15F-47C5-8344-D02C75A23D3A}.Debug|x64.ActiveCfg = Debug|Any CPU
		{38649C97-E15F-47C5-8344-D02C75A23D3A}.Debug|x64.Build.0 = Debug|Any CPU
		{38649C97-E15F-47C5-8344-D02C75A23D3A}.Debug|x86.ActiveCfg = Debug|Any CPU
		{38649C97-E15F-47C5-8344-D02C75A23D3A}.Debug|x86.Build.0 = Debug|Any CPU
		{38649C97-E15F-47C5-8344-D02C75A23D3A}.Release|Any CPU.ActiveCfg = Release|Any CPU
		{38649C97-E15F-47C5-8344-D02C75A23D3A}.Release|Any CPU.Build.0 = Release|Any CPU
		{38649C97-E15F-47C5-8344-D02C75A23D3A}.Release|x64.ActiveCfg = Release|Any CPU
		{38649C97-E15F-47C5-8344-D02C75A23D3A}.Release|x64.Build.0 = Release|Any CPU
		{38649C97-E15F-47C5-8344-D02C75A23D3A}.Release|x86.ActiveCfg = Release|Any CPU
		{38649C97-E15F-47C5-8344-D02C75A23D3A}.Release|x86.Build.0 = Release|Any CPU
		{543908AA-F90E-4DF9-AAB0-EB4D960775DC}.Debug|Any CPU.ActiveCfg = Debug|Any CPU
		{543908AA-F90E-4DF9-AAB0-EB4D960775DC}.Debug|Any CPU.Build.0 = Debug|Any CPU
		{543908AA-F90E-4DF9-AAB0-EB4D960775DC}.Debug|x64.ActiveCfg = Debug|Any CPU
		{543908AA-F90E-4DF9-AAB0-EB4D960775DC}.Debug|x64.Build.0 = Debug|Any CPU
		{543908AA-F90E-4DF9-AAB0-EB4D960775DC}.Debug|x86.ActiveCfg = Debug|Any CPU
		{543908AA-F90E-4DF9-AAB0-EB4D960775DC}.Debug|x86.Build.0 = Debug|Any CPU
		{543908AA-F90E-4DF9-AAB0-EB4D960775DC}.Release|Any CPU.ActiveCfg = Release|Any CPU
		{543908AA-F90E-4DF9-AAB0-EB4D960775DC}.Release|Any CPU.Build.0 = Release|Any CPU
		{543908AA-F90E-4DF9-AAB0-EB4D960775DC}.Release|x64.ActiveCfg = Release|Any CPU
		{543908AA-F90E-4DF9-AAB0-EB4D960775DC}.Release|x64.Build.0 = Release|Any CPU
		{543908AA-F90E-4DF9-AAB0-EB4D960775DC}.Release|x86.ActiveCfg = Release|Any CPU
		{543908AA-F90E-4DF9-AAB0-EB4D960775DC}.Release|x86.Build.0 = Release|Any CPU
		{FD37D8AA-0525-4F16-B8D6-9701621A2BDB}.Debug|Any CPU.ActiveCfg = Debug|Any CPU
		{FD37D8AA-0525-4F16-B8D6-9701621A2BDB}.Debug|Any CPU.Build.0 = Debug|Any CPU
		{FD37D8AA-0525-4F16-B8D6-9701621A2BDB}.Debug|x64.ActiveCfg = Debug|Any CPU
		{FD37D8AA-0525-4F16-B8D6-9701621A2BDB}.Debug|x64.Build.0 = Debug|Any CPU
		{FD37D8AA-0525-4F16-B8D6-9701621A2BDB}.Debug|x86.ActiveCfg = Debug|Any CPU
		{FD37D8AA-0525-4F16-B8D6-9701621A2BDB}.Debug|x86.Build.0 = Debug|Any CPU
		{FD37D8AA-0525-4F16-B8D6-9701621A2BDB}.Release|Any CPU.ActiveCfg = Release|Any CPU
		{FD37D8AA-0525-4F16-B8D6-9701621A2BDB}.Release|Any CPU.Build.0 = Release|Any CPU
		{FD37D8AA-0525-4F16-B8D6-9701621A2BDB}.Release|x64.ActiveCfg = Release|Any CPU
		{FD37D8AA-0525-4F16-B8D6-9701621A2BDB}.Release|x64.Build.0 = Release|Any CPU
		{FD37D8AA-0525-4F16-B8D6-9701621A2BDB}.Release|x86.ActiveCfg = Release|Any CPU
		{FD37D8AA-0525-4F16-B8D6-9701621A2BDB}.Release|x86.Build.0 = Release|Any CPU
		{13D90A2F-26D5-4C6B-9B13-D2799DCFAC77}.Debug|Any CPU.ActiveCfg = Debug|Any CPU
		{13D90A2F-26D5-4C6B-9B13-D2799DCFAC77}.Debug|Any CPU.Build.0 = Debug|Any CPU
		{13D90A2F-26D5-4C6B-9B13-D2799DCFAC77}.Debug|x64.ActiveCfg = Debug|Any CPU
		{13D90A2F-26D5-4C6B-9B13-D2799DCFAC77}.Debug|x64.Build.0 = Debug|Any CPU
		{13D90A2F-26D5-4C6B-9B13-D2799DCFAC77}.Debug|x86.ActiveCfg = Debug|Any CPU
		{13D90A2F-26D5-4C6B-9B13-D2799DCFAC77}.Debug|x86.Build.0 = Debug|Any CPU
		{13D90A2F-26D5-4C6B-9B13-D2799DCFAC77}.Release|Any CPU.ActiveCfg = Release|Any CPU
		{13D90A2F-26D5-4C6B-9B13-D2799DCFAC77}.Release|Any CPU.Build.0 = Release|Any CPU
		{13D90A2F-26D5-4C6B-9B13-D2799DCFAC77}.Release|x64.ActiveCfg = Release|Any CPU
		{13D90A2F-26D5-4C6B-9B13-D2799DCFAC77}.Release|x64.Build.0 = Release|Any CPU
		{13D90A2F-26D5-4C6B-9B13-D2799DCFAC77}.Release|x86.ActiveCfg = Release|Any CPU
		{13D90A2F-26D5-4C6B-9B13-D2799DCFAC77}.Release|x86.Build.0 = Release|Any CPU
		{B23E8EEF-6F41-4450-A7C0-AE724589DEEC}.Debug|Any CPU.ActiveCfg = Debug|Any CPU
		{B23E8EEF-6F41-4450-A7C0-AE724589DEEC}.Debug|Any CPU.Build.0 = Debug|Any CPU
		{B23E8EEF-6F41-4450-A7C0-AE724589DEEC}.Debug|x64.ActiveCfg = Debug|Any CPU
		{B23E8EEF-6F41-4450-A7C0-AE724589DEEC}.Debug|x64.Build.0 = Debug|Any CPU
		{B23E8EEF-6F41-4450-A7C0-AE724589DEEC}.Debug|x86.ActiveCfg = Debug|Any CPU
		{B23E8EEF-6F41-4450-A7C0-AE724589DEEC}.Debug|x86.Build.0 = Debug|Any CPU
		{B23E8EEF-6F41-4450-A7C0-AE724589DEEC}.Release|Any CPU.ActiveCfg = Release|Any CPU
		{B23E8EEF-6F41-4450-A7C0-AE724589DEEC}.Release|Any CPU.Build.0 = Release|Any CPU
		{B23E8EEF-6F41-4450-A7C0-AE724589DEEC}.Release|x64.ActiveCfg = Release|Any CPU
		{B23E8EEF-6F41-4450-A7C0-AE724589DEEC}.Release|x64.Build.0 = Release|Any CPU
		{B23E8EEF-6F41-4450-A7C0-AE724589DEEC}.Release|x86.ActiveCfg = Release|Any CPU
		{B23E8EEF-6F41-4450-A7C0-AE724589DEEC}.Release|x86.Build.0 = Release|Any CPU
		{1DCCF0BC-2051-4A72-8240-9BEFBCF98343}.Debug|Any CPU.ActiveCfg = Debug|Any CPU
		{1DCCF0BC-2051-4A72-8240-9BEFBCF98343}.Debug|Any CPU.Build.0 = Debug|Any CPU
		{1DCCF0BC-2051-4A72-8240-9BEFBCF98343}.Debug|x64.ActiveCfg = Debug|Any CPU
		{1DCCF0BC-2051-4A72-8240-9BEFBCF98343}.Debug|x64.Build.0 = Debug|Any CPU
		{1DCCF0BC-2051-4A72-8240-9BEFBCF98343}.Debug|x86.ActiveCfg = Debug|Any CPU
		{1DCCF0BC-2051-4A72-8240-9BEFBCF98343}.Debug|x86.Build.0 = Debug|Any CPU
		{1DCCF0BC-2051-4A72-8240-9BEFBCF98343}.Release|Any CPU.ActiveCfg = Release|Any CPU
		{1DCCF0BC-2051-4A72-8240-9BEFBCF98343}.Release|Any CPU.Build.0 = Release|Any CPU
		{1DCCF0BC-2051-4A72-8240-9BEFBCF98343}.Release|x64.ActiveCfg = Release|Any CPU
		{1DCCF0BC-2051-4A72-8240-9BEFBCF98343}.Release|x64.Build.0 = Release|Any CPU
		{1DCCF0BC-2051-4A72-8240-9BEFBCF98343}.Release|x86.ActiveCfg = Release|Any CPU
		{1DCCF0BC-2051-4A72-8240-9BEFBCF98343}.Release|x86.Build.0 = Release|Any CPU
		{E1F553B5-6A14-40D6-9386-5329B3E78B7A}.Debug|Any CPU.ActiveCfg = Debug|Any CPU
		{E1F553B5-6A14-40D6-9386-5329B3E78B7A}.Debug|Any CPU.Build.0 = Debug|Any CPU
		{E1F553B5-6A14-40D6-9386-5329B3E78B7A}.Debug|x64.ActiveCfg = Debug|Any CPU
		{E1F553B5-6A14-40D6-9386-5329B3E78B7A}.Debug|x64.Build.0 = Debug|Any CPU
		{E1F553B5-6A14-40D6-9386-5329B3E78B7A}.Debug|x86.ActiveCfg = Debug|Any CPU
		{E1F553B5-6A14-40D6-9386-5329B3E78B7A}.Debug|x86.Build.0 = Debug|Any CPU
		{E1F553B5-6A14-40D6-9386-5329B3E78B7A}.Release|Any CPU.ActiveCfg = Release|Any CPU
		{E1F553B5-6A14-40D6-9386-5329B3E78B7A}.Release|Any CPU.Build.0 = Release|Any CPU
		{E1F553B5-6A14-40D6-9386-5329B3E78B7A}.Release|x64.ActiveCfg = Release|Any CPU
		{E1F553B5-6A14-40D6-9386-5329B3E78B7A}.Release|x64.Build.0 = Release|Any CPU
		{E1F553B5-6A14-40D6-9386-5329B3E78B7A}.Release|x86.ActiveCfg = Release|Any CPU
		{E1F553B5-6A14-40D6-9386-5329B3E78B7A}.Release|x86.Build.0 = Release|Any CPU
		{A777CD1E-BD87-468F-99A6-F8A72C9ECFCB}.Debug|Any CPU.ActiveCfg = Debug|Any CPU
		{A777CD1E-BD87-468F-99A6-F8A72C9ECFCB}.Debug|Any CPU.Build.0 = Debug|Any CPU
		{A777CD1E-BD87-468F-99A6-F8A72C9ECFCB}.Debug|x64.ActiveCfg = Debug|Any CPU
		{A777CD1E-BD87-468F-99A6-F8A72C9ECFCB}.Debug|x64.Build.0 = Debug|Any CPU
		{A777CD1E-BD87-468F-99A6-F8A72C9ECFCB}.Debug|x86.ActiveCfg = Debug|Any CPU
		{A777CD1E-BD87-468F-99A6-F8A72C9ECFCB}.Debug|x86.Build.0 = Debug|Any CPU
		{A777CD1E-BD87-468F-99A6-F8A72C9ECFCB}.Release|Any CPU.ActiveCfg = Release|Any CPU
		{A777CD1E-BD87-468F-99A6-F8A72C9ECFCB}.Release|Any CPU.Build.0 = Release|Any CPU
		{A777CD1E-BD87-468F-99A6-F8A72C9ECFCB}.Release|x64.ActiveCfg = Release|Any CPU
		{A777CD1E-BD87-468F-99A6-F8A72C9ECFCB}.Release|x64.Build.0 = Release|Any CPU
		{A777CD1E-BD87-468F-99A6-F8A72C9ECFCB}.Release|x86.ActiveCfg = Release|Any CPU
		{A777CD1E-BD87-468F-99A6-F8A72C9ECFCB}.Release|x86.Build.0 = Release|Any CPU
		{A121CBC4-6E88-43D9-86E9-EA4EC7BB390D}.Debug|Any CPU.ActiveCfg = Debug|Any CPU
		{A121CBC4-6E88-43D9-86E9-EA4EC7BB390D}.Debug|Any CPU.Build.0 = Debug|Any CPU
		{A121CBC4-6E88-43D9-86E9-EA4EC7BB390D}.Debug|x64.ActiveCfg = Debug|Any CPU
		{A121CBC4-6E88-43D9-86E9-EA4EC7BB390D}.Debug|x64.Build.0 = Debug|Any CPU
		{A121CBC4-6E88-43D9-86E9-EA4EC7BB390D}.Debug|x86.ActiveCfg = Debug|Any CPU
		{A121CBC4-6E88-43D9-86E9-EA4EC7BB390D}.Debug|x86.Build.0 = Debug|Any CPU
		{A121CBC4-6E88-43D9-86E9-EA4EC7BB390D}.Release|Any CPU.ActiveCfg = Release|Any CPU
		{A121CBC4-6E88-43D9-86E9-EA4EC7BB390D}.Release|Any CPU.Build.0 = Release|Any CPU
		{A121CBC4-6E88-43D9-86E9-EA4EC7BB390D}.Release|x64.ActiveCfg = Release|Any CPU
		{A121CBC4-6E88-43D9-86E9-EA4EC7BB390D}.Release|x64.Build.0 = Release|Any CPU
		{A121CBC4-6E88-43D9-86E9-EA4EC7BB390D}.Release|x86.ActiveCfg = Release|Any CPU
		{A121CBC4-6E88-43D9-86E9-EA4EC7BB390D}.Release|x86.Build.0 = Release|Any CPU
		{BF71F749-C201-4CB2-973D-4AC645606E3D}.Debug|Any CPU.ActiveCfg = Debug|Any CPU
		{BF71F749-C201-4CB2-973D-4AC645606E3D}.Debug|Any CPU.Build.0 = Debug|Any CPU
		{BF71F749-C201-4CB2-973D-4AC645606E3D}.Debug|x64.ActiveCfg = Debug|Any CPU
		{BF71F749-C201-4CB2-973D-4AC645606E3D}.Debug|x64.Build.0 = Debug|Any CPU
		{BF71F749-C201-4CB2-973D-4AC645606E3D}.Debug|x86.ActiveCfg = Debug|Any CPU
		{BF71F749-C201-4CB2-973D-4AC645606E3D}.Debug|x86.Build.0 = Debug|Any CPU
		{BF71F749-C201-4CB2-973D-4AC645606E3D}.Release|Any CPU.ActiveCfg = Release|Any CPU
		{BF71F749-C201-4CB2-973D-4AC645606E3D}.Release|Any CPU.Build.0 = Release|Any CPU
		{BF71F749-C201-4CB2-973D-4AC645606E3D}.Release|x64.ActiveCfg = Release|Any CPU
		{BF71F749-C201-4CB2-973D-4AC645606E3D}.Release|x64.Build.0 = Release|Any CPU
		{BF71F749-C201-4CB2-973D-4AC645606E3D}.Release|x86.ActiveCfg = Release|Any CPU
		{BF71F749-C201-4CB2-973D-4AC645606E3D}.Release|x86.Build.0 = Release|Any CPU
	EndGlobalSection
	GlobalSection(SolutionProperties) = preSolution
		HideSolutionNode = FALSE
	EndGlobalSection
	GlobalSection(NestedProjects) = preSolution
		{FE1EC042-6FA2-4C44-A164-0C1A8A0B9B78} = {E43E5F4B-E57C-4467-B3C3-05CD0DB66C30}
		{7128C707-0DC7-4C7C-A435-66E6AB83A0C7} = {FE1EC042-6FA2-4C44-A164-0C1A8A0B9B78}
		{3E222106-6237-4ABC-9F25-6FC837AFBD3D} = {FE1EC042-6FA2-4C44-A164-0C1A8A0B9B78}
		{5C4BA649-92B0-40B6-A2C9-E4333A890216} = {FE1EC042-6FA2-4C44-A164-0C1A8A0B9B78}
		{BE516B24-E55C-4675-A8F0-B3C59DF91CF6} = {E43E5F4B-E57C-4467-B3C3-05CD0DB66C30}
		{E9F1F1A9-19A6-4049-838B-DEFECCA89373} = {BE516B24-E55C-4675-A8F0-B3C59DF91CF6}
		{38649C97-E15F-47C5-8344-D02C75A23D3A} = {BE516B24-E55C-4675-A8F0-B3C59DF91CF6}
		{543908AA-F90E-4DF9-AAB0-EB4D960775DC} = {BE516B24-E55C-4675-A8F0-B3C59DF91CF6}
		{FD37D8AA-0525-4F16-B8D6-9701621A2BDB} = {A1C18F8D-9BA8-4635-A2AF-5FA76638F8C9}
		{13D90A2F-26D5-4C6B-9B13-D2799DCFAC77} = {BE516B24-E55C-4675-A8F0-B3C59DF91CF6}
		{B23E8EEF-6F41-4450-A7C0-AE724589DEEC} = {13968B12-B9D9-4BB4-A08C-6F8A381D9A07}
		{1DCCF0BC-2051-4A72-8240-9BEFBCF98343} = {A1C18F8D-9BA8-4635-A2AF-5FA76638F8C9}
		{1EFD268A-9F19-4D8C-A07F-26B33C27B517} = {E43E5F4B-E57C-4467-B3C3-05CD0DB66C30}
		{E1F553B5-6A14-40D6-9386-5329B3E78B7A} = {1EFD268A-9F19-4D8C-A07F-26B33C27B517}
		{A777CD1E-BD87-468F-99A6-F8A72C9ECFCB} = {1EFD268A-9F19-4D8C-A07F-26B33C27B517}
		{A121CBC4-6E88-43D9-86E9-EA4EC7BB390D} = {1EFD268A-9F19-4D8C-A07F-26B33C27B517}
		{BF71F749-C201-4CB2-973D-4AC645606E3D} = {1EFD268A-9F19-4D8C-A07F-26B33C27B517}
	EndGlobalSection
	GlobalSection(ExtensibilityGlobals) = postSolution
		SolutionGuid = {F49852E6-299B-4749-8A69-DCAD828B5653}
	EndGlobalSection
EndGlobal
